
Microsoft Visual Studio Solution File, Format Version 12.00
# Visual Studio Version 17
VisualStudioVersion = 17.0.31912.275
MinimumVisualStudioVersion = 10.0.40219.1
Project("{8BC9CEB8-8B4A-11D0-8D11-00A0C91BC942}") = "OpenGL", "OpenGL.vcxproj", "{119CAFF3-0406-4074-B038-E65B84783ED1}"
EndProject
Global
	GlobalSection(SolutionConfigurationPlatforms) = preSolution
		Debug|x64 = Debug|x64
		Debug|x86 = Debug|x86
		Release|x64 = Release|x64
		Release|x86 = Release|x86
	EndGlobalSection
	GlobalSection(ProjectConfigurationPlatforms) = postSolution
		{119CAFF3-0406-4074-B038-E65B84783ED1}.Debug|x64.ActiveCfg = Debug|x64
		{119CAFF3-0406-4074-B038-E65B84783ED1}.Debug|x64.Build.0 = Debug|x64
		{119CAFF3-0406-4074-B038-E65B84783ED1}.Debug|x86.ActiveCfg = Debug|Win32
		{119CAFF3-0406-4074-B038-E65B84783ED1}.Debug|x86.Build.0 = Debug|Win32
		{119CAFF3-0406-4074-B038-E65B84783ED1}.Release|x64.ActiveCfg = Release|x64
		{119CAFF3-0406-4074-B038-E65B84783ED1}.Release|x64.Build.0 = Release|x64
		{119CAFF3-0406-4074-B038-E65B84783ED1}.Release|x86.ActiveCfg = Release|Win32
		{119CAFF3-0406-4074-B038-E65B84783ED1}.Release|x86.Build.0 = Release|Win32
	EndGlobalSection
	GlobalSection(SolutionProperties) = preSolution
		HideSolutionNode = FALSE
	EndGlobalSection
	GlobalSection(ExtensibilityGlobals) = postSolution
		SolutionGuid = {C38243AC-FA42-4BE6-9EB5-D22F5149C9E6}
	EndGlobalSection
EndGlobal
